// !$*UTF8*$!
{
	archiveVersion = 1;
	classes = {
	};
	objectVersion = 56;
	objects = {

/* Begin PBXBuildFile section */
		B22D09F02B582575004CA633 /* MovieDetails.swift in Sources */ = {isa = PBXBuildFile; fileRef = B22D09EF2B582575004CA633 /* MovieDetails.swift */; };
		B22D09F32B58280F004CA633 /* XButton.swift in Sources */ = {isa = PBXBuildFile; fileRef = B22D09F22B58280F004CA633 /* XButton.swift */; };
		B2F8DD232B57EE4300FAF4D8 /* PictarineTestApp.swift in Sources */ = {isa = PBXBuildFile; fileRef = B2F8DD222B57EE4300FAF4D8 /* PictarineTestApp.swift */; };
		B2F8DD272B57EE4400FAF4D8 /* Assets.xcassets in Resources */ = {isa = PBXBuildFile; fileRef = B2F8DD262B57EE4400FAF4D8 /* Assets.xcassets */; };
		B2F8DD2A2B57EE4400FAF4D8 /* Preview Assets.xcassets in Resources */ = {isa = PBXBuildFile; fileRef = B2F8DD292B57EE4400FAF4D8 /* Preview Assets.xcassets */; };
		B2F8DD3F2B5808DA00FAF4D8 /* ApiConstants.swift in Sources */ = {isa = PBXBuildFile; fileRef = B2F8DD3E2B5808DA00FAF4D8 /* ApiConstants.swift */; };
		B2F8DD412B58098F00FAF4D8 /* Movie.swift in Sources */ = {isa = PBXBuildFile; fileRef = B2F8DD402B58098F00FAF4D8 /* Movie.swift */; };
		B2F8DD432B5809BD00FAF4D8 /* MovieDTO.swift in Sources */ = {isa = PBXBuildFile; fileRef = B2F8DD422B5809BD00FAF4D8 /* MovieDTO.swift */; };
		B2F8DD492B580A3A00FAF4D8 /* MovieMappers.swift in Sources */ = {isa = PBXBuildFile; fileRef = B2F8DD482B580A3A00FAF4D8 /* MovieMappers.swift */; };
		B2F8DD4E2B580B2F00FAF4D8 /* SearchMovies.swift in Sources */ = {isa = PBXBuildFile; fileRef = B2F8DD4D2B580B2F00FAF4D8 /* SearchMovies.swift */; };
		B2F8DD502B580B5500FAF4D8 /* SearchMoviesViewModel.swift in Sources */ = {isa = PBXBuildFile; fileRef = B2F8DD4F2B580B5500FAF4D8 /* SearchMoviesViewModel.swift */; };
		B2F8DD532B580BD600FAF4D8 /* SearchMoviesUseCase.swift in Sources */ = {isa = PBXBuildFile; fileRef = B2F8DD522B580BD600FAF4D8 /* SearchMoviesUseCase.swift */; };
		B2F8DD552B580C0800FAF4D8 /* MoviesDTO.swift in Sources */ = {isa = PBXBuildFile; fileRef = B2F8DD542B580C0800FAF4D8 /* MoviesDTO.swift */; };
		B2F8DD572B580CD400FAF4D8 /* MoviesRepository.swift in Sources */ = {isa = PBXBuildFile; fileRef = B2F8DD562B580CD400FAF4D8 /* MoviesRepository.swift */; };
		B2F8DD5F2B580EAF00FAF4D8 /* ServiceType.swift in Sources */ = {isa = PBXBuildFile; fileRef = B2F8DD5E2B580EAF00FAF4D8 /* ServiceType.swift */; };
		B2F8DD652B580F0D00FAF4D8 /* ServiceProvider.swift in Sources */ = {isa = PBXBuildFile; fileRef = B2F8DD642B580F0D00FAF4D8 /* ServiceProvider.swift */; };
		B2F8DD672B580F3C00FAF4D8 /* Scheduler.swift in Sources */ = {isa = PBXBuildFile; fileRef = B2F8DD662B580F3C00FAF4D8 /* Scheduler.swift */; };
		B2F8DD692B580F6100FAF4D8 /* APIService.swift in Sources */ = {isa = PBXBuildFile; fileRef = B2F8DD682B580F6100FAF4D8 /* APIService.swift */; };
		B2F8DD6B2B580FBD00FAF4D8 /* Publisher+Ext.swift in Sources */ = {isa = PBXBuildFile; fileRef = B2F8DD6A2B580FBD00FAF4D8 /* Publisher+Ext.swift */; };
		B2F8DD6E2B580FFD00FAF4D8 /* Resource.swift in Sources */ = {isa = PBXBuildFile; fileRef = B2F8DD6D2B580FFD00FAF4D8 /* Resource.swift */; };
		B2F8DD702B58102600FAF4D8 /* Resource+Movie.swift in Sources */ = {isa = PBXBuildFile; fileRef = B2F8DD6F2B58102600FAF4D8 /* Resource+Movie.swift */; };
		B2F8DD722B5811CD00FAF4D8 /* MoviesRepositoryImpl.swift in Sources */ = {isa = PBXBuildFile; fileRef = B2F8DD712B5811CD00FAF4D8 /* MoviesRepositoryImpl.swift */; };
		B2F8DD792B58166D00FAF4D8 /* MovieCell.swift in Sources */ = {isa = PBXBuildFile; fileRef = B2F8DD782B58166D00FAF4D8 /* MovieCell.swift */; };
		B2F8DD7C2B58169400FAF4D8 /* MockData.swift in Sources */ = {isa = PBXBuildFile; fileRef = B2F8DD7B2B58169400FAF4D8 /* MockData.swift */; };
		B2F8DD7E2B5817CE00FAF4D8 /* APIServiceType.swift in Sources */ = {isa = PBXBuildFile; fileRef = B2F8DD7D2B5817CE00FAF4D8 /* APIServiceType.swift */; };
/* End PBXBuildFile section */

/* Begin PBXFileReference section */
		B22D09EF2B582575004CA633 /* MovieDetails.swift */ = {isa = PBXFileReference; lastKnownFileType = sourcecode.swift; path = MovieDetails.swift; sourceTree = "<group>"; };
		B22D09F22B58280F004CA633 /* XButton.swift */ = {isa = PBXFileReference; lastKnownFileType = sourcecode.swift; path = XButton.swift; sourceTree = "<group>"; };
		B2F8DD1F2B57EE4300FAF4D8 /* PictarineTest.app */ = {isa = PBXFileReference; explicitFileType = wrapper.application; includeInIndex = 0; path = PictarineTest.app; sourceTree = BUILT_PRODUCTS_DIR; };
		B2F8DD222B57EE4300FAF4D8 /* PictarineTestApp.swift */ = {isa = PBXFileReference; lastKnownFileType = sourcecode.swift; path = PictarineTestApp.swift; sourceTree = "<group>"; };
		B2F8DD262B57EE4400FAF4D8 /* Assets.xcassets */ = {isa = PBXFileReference; lastKnownFileType = folder.assetcatalog; path = Assets.xcassets; sourceTree = "<group>"; };
		B2F8DD292B57EE4400FAF4D8 /* Preview Assets.xcassets */ = {isa = PBXFileReference; lastKnownFileType = folder.assetcatalog; path = "Preview Assets.xcassets"; sourceTree = "<group>"; };
		B2F8DD3E2B5808DA00FAF4D8 /* ApiConstants.swift */ = {isa = PBXFileReference; lastKnownFileType = sourcecode.swift; path = ApiConstants.swift; sourceTree = "<group>"; };
		B2F8DD402B58098F00FAF4D8 /* Movie.swift */ = {isa = PBXFileReference; lastKnownFileType = sourcecode.swift; path = Movie.swift; sourceTree = "<group>"; };
		B2F8DD422B5809BD00FAF4D8 /* MovieDTO.swift */ = {isa = PBXFileReference; lastKnownFileType = sourcecode.swift; path = MovieDTO.swift; sourceTree = "<group>"; };
		B2F8DD482B580A3A00FAF4D8 /* MovieMappers.swift */ = {isa = PBXFileReference; lastKnownFileType = sourcecode.swift; path = MovieMappers.swift; sourceTree = "<group>"; };
		B2F8DD4D2B580B2F00FAF4D8 /* SearchMovies.swift */ = {isa = PBXFileReference; lastKnownFileType = sourcecode.swift; path = SearchMovies.swift; sourceTree = "<group>"; };
		B2F8DD4F2B580B5500FAF4D8 /* SearchMoviesViewModel.swift */ = {isa = PBXFileReference; lastKnownFileType = sourcecode.swift; path = SearchMoviesViewModel.swift; sourceTree = "<group>"; };
		B2F8DD522B580BD600FAF4D8 /* SearchMoviesUseCase.swift */ = {isa = PBXFileReference; lastKnownFileType = sourcecode.swift; path = SearchMoviesUseCase.swift; sourceTree = "<group>"; };
		B2F8DD542B580C0800FAF4D8 /* MoviesDTO.swift */ = {isa = PBXFileReference; lastKnownFileType = sourcecode.swift; path = MoviesDTO.swift; sourceTree = "<group>"; };
		B2F8DD562B580CD400FAF4D8 /* MoviesRepository.swift */ = {isa = PBXFileReference; lastKnownFileType = sourcecode.swift; path = MoviesRepository.swift; sourceTree = "<group>"; };
		B2F8DD5E2B580EAF00FAF4D8 /* ServiceType.swift */ = {isa = PBXFileReference; lastKnownFileType = sourcecode.swift; path = ServiceType.swift; sourceTree = "<group>"; };
		B2F8DD642B580F0D00FAF4D8 /* ServiceProvider.swift */ = {isa = PBXFileReference; lastKnownFileType = sourcecode.swift; path = ServiceProvider.swift; sourceTree = "<group>"; };
		B2F8DD662B580F3C00FAF4D8 /* Scheduler.swift */ = {isa = PBXFileReference; lastKnownFileType = sourcecode.swift; path = Scheduler.swift; sourceTree = "<group>"; };
		B2F8DD682B580F6100FAF4D8 /* APIService.swift */ = {isa = PBXFileReference; lastKnownFileType = sourcecode.swift; path = APIService.swift; sourceTree = "<group>"; };
		B2F8DD6A2B580FBD00FAF4D8 /* Publisher+Ext.swift */ = {isa = PBXFileReference; lastKnownFileType = sourcecode.swift; path = "Publisher+Ext.swift"; sourceTree = "<group>"; };
		B2F8DD6D2B580FFD00FAF4D8 /* Resource.swift */ = {isa = PBXFileReference; lastKnownFileType = sourcecode.swift; path = Resource.swift; sourceTree = "<group>"; };
		B2F8DD6F2B58102600FAF4D8 /* Resource+Movie.swift */ = {isa = PBXFileReference; lastKnownFileType = sourcecode.swift; path = "Resource+Movie.swift"; sourceTree = "<group>"; };
		B2F8DD712B5811CD00FAF4D8 /* MoviesRepositoryImpl.swift */ = {isa = PBXFileReference; lastKnownFileType = sourcecode.swift; path = MoviesRepositoryImpl.swift; sourceTree = "<group>"; };
		B2F8DD782B58166D00FAF4D8 /* MovieCell.swift */ = {isa = PBXFileReference; lastKnownFileType = sourcecode.swift; path = MovieCell.swift; sourceTree = "<group>"; };
		B2F8DD7B2B58169400FAF4D8 /* MockData.swift */ = {isa = PBXFileReference; lastKnownFileType = sourcecode.swift; path = MockData.swift; sourceTree = "<group>"; };
		B2F8DD7D2B5817CE00FAF4D8 /* APIServiceType.swift */ = {isa = PBXFileReference; lastKnownFileType = sourcecode.swift; path = APIServiceType.swift; sourceTree = "<group>"; };
/* End PBXFileReference section */

/* Begin PBXFrameworksBuildPhase section */
		B2F8DD1C2B57EE4300FAF4D8 /* Frameworks */ = {
			isa = PBXFrameworksBuildPhase;
			buildActionMask = 2147483647;
			files = (
			);
			runOnlyForDeploymentPostprocessing = 0;
		};
/* End PBXFrameworksBuildPhase section */

/* Begin PBXGroup section */
		B22D09F12B582806004CA633 /* Common */ = {
			isa = PBXGroup;
			children = (
				B22D09F22B58280F004CA633 /* XButton.swift */,
			);
			path = Common;
			sourceTree = "<group>";
		};
		B2F8DD162B57EE4300FAF4D8 = {
			isa = PBXGroup;
			children = (
				B2F8DD212B57EE4300FAF4D8 /* PictarineTest */,
				B2F8DD202B57EE4300FAF4D8 /* Products */,
			);
			sourceTree = "<group>";
		};
		B2F8DD202B57EE4300FAF4D8 /* Products */ = {
			isa = PBXGroup;
			children = (
				B2F8DD1F2B57EE4300FAF4D8 /* PictarineTest.app */,
			);
			name = Products;
			sourceTree = "<group>";
		};
		B2F8DD212B57EE4300FAF4D8 /* PictarineTest */ = {
			isa = PBXGroup;
			children = (
				B2F8DD332B57EE6E00FAF4D8 /* Presentation */,
				B2F8DD322B57EE6600FAF4D8 /* Data */,
				B2F8DD312B57EE6100FAF4D8 /* Domain */,
				B2F8DD302B57EE5700FAF4D8 /* Core */,
				B2F8DD222B57EE4300FAF4D8 /* PictarineTestApp.swift */,
				B2F8DD262B57EE4400FAF4D8 /* Assets.xcassets */,
				B2F8DD282B57EE4400FAF4D8 /* Preview Content */,
			);
			path = PictarineTest;
			sourceTree = "<group>";
		};
		B2F8DD282B57EE4400FAF4D8 /* Preview Content */ = {
			isa = PBXGroup;
			children = (
				B2F8DD292B57EE4400FAF4D8 /* Preview Assets.xcassets */,
			);
			path = "Preview Content";
			sourceTree = "<group>";
		};
		B2F8DD302B57EE5700FAF4D8 /* Core */ = {
			isa = PBXGroup;
			children = (
				B2F8DD7A2B58167D00FAF4D8 /* MockData */,
				B2F8DD3D2B57EFCE00FAF4D8 /* Extension */,
				B2F8DD3C2B57EF9500FAF4D8 /* Common */,
			);
			path = Core;
			sourceTree = "<group>";
		};
		B2F8DD312B57EE6100FAF4D8 /* Domain */ = {
			isa = PBXGroup;
			children = (
				B2F8DD362B57EE9400FAF4D8 /* UseCase */,
				B2F8DD352B57EE8C00FAF4D8 /* Repository */,
				B2F8DD342B57EE8700FAF4D8 /* Model */,
			);
			path = Domain;
			sourceTree = "<group>";
		};
		B2F8DD322B57EE6600FAF4D8 /* Data */ = {
			isa = PBXGroup;
			children = (
				B2F8DD472B580A2D00FAF4D8 /* Mapper */,
				B2F8DD382B57EEDB00FAF4D8 /* Service */,
				B2F8DD372B57EEC300FAF4D8 /* Repository */,
			);
			path = Data;
			sourceTree = "<group>";
		};
		B2F8DD332B57EE6E00FAF4D8 /* Presentation */ = {
			isa = PBXGroup;
			children = (
				B22D09F12B582806004CA633 /* Common */,
				B2F8DD4A2B580A9C00FAF4D8 /* Movie */,
			);
			path = Presentation;
			sourceTree = "<group>";
		};
		B2F8DD342B57EE8700FAF4D8 /* Model */ = {
			isa = PBXGroup;
			children = (
				B2F8DD402B58098F00FAF4D8 /* Movie.swift */,
			);
			path = Model;
			sourceTree = "<group>";
		};
		B2F8DD352B57EE8C00FAF4D8 /* Repository */ = {
			isa = PBXGroup;
			children = (
				B2F8DD562B580CD400FAF4D8 /* MoviesRepository.swift */,
			);
			path = Repository;
			sourceTree = "<group>";
		};
		B2F8DD362B57EE9400FAF4D8 /* UseCase */ = {
			isa = PBXGroup;
			children = (
				B2F8DD512B580BC500FAF4D8 /* Movies */,
			);
			path = UseCase;
			sourceTree = "<group>";
		};
		B2F8DD372B57EEC300FAF4D8 /* Repository */ = {
			isa = PBXGroup;
			children = (
				B2F8DD712B5811CD00FAF4D8 /* MoviesRepositoryImpl.swift */,
			);
			path = Repository;
			sourceTree = "<group>";
		};
		B2F8DD382B57EEDB00FAF4D8 /* Service */ = {
			isa = PBXGroup;
			children = (
				B2F8DD3B2B57EF4700FAF4D8 /* DataSource */,
				B2F8DD392B57EEE600FAF4D8 /* API */,
				B2F8DD5E2B580EAF00FAF4D8 /* ServiceType.swift */,
				B2F8DD642B580F0D00FAF4D8 /* ServiceProvider.swift */,
				B2F8DD662B580F3C00FAF4D8 /* Scheduler.swift */,
				B2F8DD6D2B580FFD00FAF4D8 /* Resource.swift */,
			);
			path = Service;
			sourceTree = "<group>";
		};
		B2F8DD392B57EEE600FAF4D8 /* API */ = {
			isa = PBXGroup;
			children = (
				B2F8DD682B580F6100FAF4D8 /* APIService.swift */,
				B2F8DD7D2B5817CE00FAF4D8 /* APIServiceType.swift */,
				B2F8DD3A2B57EEF700FAF4D8 /* DTO */,
			);
			path = API;
			sourceTree = "<group>";
		};
		B2F8DD3A2B57EEF700FAF4D8 /* DTO */ = {
			isa = PBXGroup;
			children = (
				B2F8DD422B5809BD00FAF4D8 /* MovieDTO.swift */,
				B2F8DD542B580C0800FAF4D8 /* MoviesDTO.swift */,
			);
			path = DTO;
			sourceTree = "<group>";
		};
		B2F8DD3B2B57EF4700FAF4D8 /* DataSource */ = {
			isa = PBXGroup;
			children = (
				B2F8DD6C2B580FD700FAF4D8 /* Resource */,
			);
			path = DataSource;
			sourceTree = "<group>";
		};
		B2F8DD3C2B57EF9500FAF4D8 /* Common */ = {
			isa = PBXGroup;
			children = (
				B2F8DD3E2B5808DA00FAF4D8 /* ApiConstants.swift */,
			);
			path = Common;
			sourceTree = "<group>";
		};
		B2F8DD3D2B57EFCE00FAF4D8 /* Extension */ = {
			isa = PBXGroup;
			children = (
				B2F8DD6A2B580FBD00FAF4D8 /* Publisher+Ext.swift */,
			);
			path = Extension;
			sourceTree = "<group>";
		};
		B2F8DD472B580A2D00FAF4D8 /* Mapper */ = {
			isa = PBXGroup;
			children = (
				B2F8DD482B580A3A00FAF4D8 /* MovieMappers.swift */,
			);
			path = Mapper;
			sourceTree = "<group>";
		};
		B2F8DD4A2B580A9C00FAF4D8 /* Movie */ = {
			isa = PBXGroup;
			children = (
				B2F8DD752B58164700FAF4D8 /* Cell */,
				B2F8DD4C2B580AB900FAF4D8 /* MovieDetails */,
				B2F8DD4B2B580AB300FAF4D8 /* SearchMovies */,
			);
			path = Movie;
			sourceTree = "<group>";
		};
		B2F8DD4B2B580AB300FAF4D8 /* SearchMovies */ = {
			isa = PBXGroup;
			children = (
				B2F8DD4D2B580B2F00FAF4D8 /* SearchMovies.swift */,
				B2F8DD4F2B580B5500FAF4D8 /* SearchMoviesViewModel.swift */,
			);
			path = SearchMovies;
			sourceTree = "<group>";
		};
		B2F8DD4C2B580AB900FAF4D8 /* MovieDetails */ = {
			isa = PBXGroup;
			children = (
				B22D09EF2B582575004CA633 /* MovieDetails.swift */,
			);
			path = MovieDetails;
			sourceTree = "<group>";
		};
		B2F8DD512B580BC500FAF4D8 /* Movies */ = {
			isa = PBXGroup;
			children = (
				B2F8DD522B580BD600FAF4D8 /* SearchMoviesUseCase.swift */,
			);
			path = Movies;
			sourceTree = "<group>";
		};
		B2F8DD6C2B580FD700FAF4D8 /* Resource */ = {
			isa = PBXGroup;
			children = (
				B2F8DD6F2B58102600FAF4D8 /* Resource+Movie.swift */,
			);
			path = Resource;
			sourceTree = "<group>";
		};
		B2F8DD752B58164700FAF4D8 /* Cell */ = {
			isa = PBXGroup;
			children = (
				B2F8DD782B58166D00FAF4D8 /* MovieCell.swift */,
			);
			path = Cell;
			sourceTree = "<group>";
		};
		B2F8DD7A2B58167D00FAF4D8 /* MockData */ = {
			isa = PBXGroup;
			children = (
				B2F8DD7B2B58169400FAF4D8 /* MockData.swift */,
			);
			path = MockData;
			sourceTree = "<group>";
		};
/* End PBXGroup section */

/* Begin PBXNativeTarget section */
		B2F8DD1E2B57EE4300FAF4D8 /* PictarineTest */ = {
			isa = PBXNativeTarget;
			buildConfigurationList = B2F8DD2D2B57EE4400FAF4D8 /* Build configuration list for PBXNativeTarget "PictarineTest" */;
			buildPhases = (
				B2F8DD1B2B57EE4300FAF4D8 /* Sources */,
				B2F8DD1C2B57EE4300FAF4D8 /* Frameworks */,
				B2F8DD1D2B57EE4300FAF4D8 /* Resources */,
			);
			buildRules = (
			);
			dependencies = (
			);
			name = PictarineTest;
			productName = PictarineTest;
			productReference = B2F8DD1F2B57EE4300FAF4D8 /* PictarineTest.app */;
			productType = "com.apple.product-type.application";
		};
/* End PBXNativeTarget section */

/* Begin PBXProject section */
		B2F8DD172B57EE4300FAF4D8 /* Project object */ = {
			isa = PBXProject;
			attributes = {
				BuildIndependentTargetsInParallel = 1;
				LastSwiftUpdateCheck = 1500;
				LastUpgradeCheck = 1500;
				TargetAttributes = {
					B2F8DD1E2B57EE4300FAF4D8 = {
						CreatedOnToolsVersion = 15.0.1;
					};
				};
			};
			buildConfigurationList = B2F8DD1A2B57EE4300FAF4D8 /* Build configuration list for PBXProject "PictarineTest" */;
			compatibilityVersion = "Xcode 14.0";
			developmentRegion = en;
			hasScannedForEncodings = 0;
			knownRegions = (
				en,
				Base,
			);
			mainGroup = B2F8DD162B57EE4300FAF4D8;
			productRefGroup = B2F8DD202B57EE4300FAF4D8 /* Products */;
			projectDirPath = "";
			projectRoot = "";
			targets = (
				B2F8DD1E2B57EE4300FAF4D8 /* PictarineTest */,
			);
		};
/* End PBXProject section */

/* Begin PBXResourcesBuildPhase section */
		B2F8DD1D2B57EE4300FAF4D8 /* Resources */ = {
			isa = PBXResourcesBuildPhase;
			buildActionMask = 2147483647;
			files = (
				B2F8DD2A2B57EE4400FAF4D8 /* Preview Assets.xcassets in Resources */,
				B2F8DD272B57EE4400FAF4D8 /* Assets.xcassets in Resources */,
			);
			runOnlyForDeploymentPostprocessing = 0;
		};
/* End PBXResourcesBuildPhase section */

/* Begin PBXSourcesBuildPhase section */
		B2F8DD1B2B57EE4300FAF4D8 /* Sources */ = {
			isa = PBXSourcesBuildPhase;
			buildActionMask = 2147483647;
			files = (
				B2F8DD4E2B580B2F00FAF4D8 /* SearchMovies.swift in Sources */,
				B2F8DD432B5809BD00FAF4D8 /* MovieDTO.swift in Sources */,
				B2F8DD652B580F0D00FAF4D8 /* ServiceProvider.swift in Sources */,
				B22D09F32B58280F004CA633 /* XButton.swift in Sources */,
				B2F8DD702B58102600FAF4D8 /* Resource+Movie.swift in Sources */,
				B2F8DD7E2B5817CE00FAF4D8 /* APIServiceType.swift in Sources */,
				B22D09F02B582575004CA633 /* MovieDetails.swift in Sources */,
				B2F8DD6B2B580FBD00FAF4D8 /* Publisher+Ext.swift in Sources */,
				B2F8DD672B580F3C00FAF4D8 /* Scheduler.swift in Sources */,
				B2F8DD502B580B5500FAF4D8 /* SearchMoviesViewModel.swift in Sources */,
				B2F8DD232B57EE4300FAF4D8 /* PictarineTestApp.swift in Sources */,
				B2F8DD692B580F6100FAF4D8 /* APIService.swift in Sources */,
				B2F8DD7C2B58169400FAF4D8 /* MockData.swift in Sources */,
				B2F8DD412B58098F00FAF4D8 /* Movie.swift in Sources */,
				B2F8DD6E2B580FFD00FAF4D8 /* Resource.swift in Sources */,
				B2F8DD5F2B580EAF00FAF4D8 /* ServiceType.swift in Sources */,
				B2F8DD552B580C0800FAF4D8 /* MoviesDTO.swift in Sources */,
				B2F8DD572B580CD400FAF4D8 /* MoviesRepository.swift in Sources */,
				B2F8DD792B58166D00FAF4D8 /* MovieCell.swift in Sources */,
				B2F8DD722B5811CD00FAF4D8 /* MoviesRepositoryImpl.swift in Sources */,
				B2F8DD492B580A3A00FAF4D8 /* MovieMappers.swift in Sources */,
				B2F8DD532B580BD600FAF4D8 /* SearchMoviesUseCase.swift in Sources */,
				B2F8DD3F2B5808DA00FAF4D8 /* ApiConstants.swift in Sources */,
			);
			runOnlyForDeploymentPostprocessing = 0;
		};
/* End PBXSourcesBuildPhase section */

/* Begin XCBuildConfiguration section */
		B2F8DD2B2B57EE4400FAF4D8 /* Debug */ = {
			isa = XCBuildConfiguration;
			buildSettings = {
				ALWAYS_SEARCH_USER_PATHS = NO;
				ASSETCATALOG_COMPILER_GENERATE_SWIFT_ASSET_SYMBOL_EXTENSIONS = YES;
				CLANG_ANALYZER_NONNULL = YES;
				CLANG_ANALYZER_NUMBER_OBJECT_CONVERSION = YES_AGGRESSIVE;
				CLANG_CXX_LANGUAGE_STANDARD = "gnu++20";
				CLANG_ENABLE_MODULES = YES;
				CLANG_ENABLE_OBJC_ARC = YES;
				CLANG_ENABLE_OBJC_WEAK = YES;
				CLANG_WARN_BLOCK_CAPTURE_AUTORELEASING = YES;
				CLANG_WARN_BOOL_CONVERSION = YES;
				CLANG_WARN_COMMA = YES;
				CLANG_WARN_CONSTANT_CONVERSION = YES;
				CLANG_WARN_DEPRECATED_OBJC_IMPLEMENTATIONS = YES;
				CLANG_WARN_DIRECT_OBJC_ISA_USAGE = YES_ERROR;
				CLANG_WARN_DOCUMENTATION_COMMENTS = YES;
				CLANG_WARN_EMPTY_BODY = YES;
				CLANG_WARN_ENUM_CONVERSION = YES;
				CLANG_WARN_INFINITE_RECURSION = YES;
				CLANG_WARN_INT_CONVERSION = YES;
				CLANG_WARN_NON_LITERAL_NULL_CONVERSION = YES;
				CLANG_WARN_OBJC_IMPLICIT_RETAIN_SELF = YES;
				CLANG_WARN_OBJC_LITERAL_CONVERSION = YES;
				CLANG_WARN_OBJC_ROOT_CLASS = YES_ERROR;
				CLANG_WARN_QUOTED_INCLUDE_IN_FRAMEWORK_HEADER = YES;
				CLANG_WARN_RANGE_LOOP_ANALYSIS = YES;
				CLANG_WARN_STRICT_PROTOTYPES = YES;
				CLANG_WARN_SUSPICIOUS_MOVE = YES;
				CLANG_WARN_UNGUARDED_AVAILABILITY = YES_AGGRESSIVE;
				CLANG_WARN_UNREACHABLE_CODE = YES;
				CLANG_WARN__DUPLICATE_METHOD_MATCH = YES;
				COPY_PHASE_STRIP = NO;
				DEBUG_INFORMATION_FORMAT = dwarf;
				ENABLE_STRICT_OBJC_MSGSEND = YES;
				ENABLE_TESTABILITY = YES;
				ENABLE_USER_SCRIPT_SANDBOXING = YES;
				GCC_C_LANGUAGE_STANDARD = gnu17;
				GCC_DYNAMIC_NO_PIC = NO;
				GCC_NO_COMMON_BLOCKS = YES;
				GCC_OPTIMIZATION_LEVEL = 0;
				GCC_PREPROCESSOR_DEFINITIONS = (
					"DEBUG=1",
					"$(inherited)",
				);
				GCC_WARN_64_TO_32_BIT_CONVERSION = YES;
				GCC_WARN_ABOUT_RETURN_TYPE = YES_ERROR;
				GCC_WARN_UNDECLARED_SELECTOR = YES;
				GCC_WARN_UNINITIALIZED_AUTOS = YES_AGGRESSIVE;
				GCC_WARN_UNUSED_FUNCTION = YES;
				GCC_WARN_UNUSED_VARIABLE = YES;
				IPHONEOS_DEPLOYMENT_TARGET = 17.0;
				LOCALIZATION_PREFERS_STRING_CATALOGS = YES;
				MTL_ENABLE_DEBUG_INFO = INCLUDE_SOURCE;
				MTL_FAST_MATH = YES;
				ONLY_ACTIVE_ARCH = YES;
				SDKROOT = iphoneos;
				SWIFT_ACTIVE_COMPILATION_CONDITIONS = "DEBUG $(inherited)";
				SWIFT_OPTIMIZATION_LEVEL = "-Onone";
			};
			name = Debug;
		};
		B2F8DD2C2B57EE4400FAF4D8 /* Release */ = {
			isa = XCBuildConfiguration;
			buildSettings = {
				ALWAYS_SEARCH_USER_PATHS = NO;
				ASSETCATALOG_COMPILER_GENERATE_SWIFT_ASSET_SYMBOL_EXTENSIONS = YES;
				CLANG_ANALYZER_NONNULL = YES;
				CLANG_ANALYZER_NUMBER_OBJECT_CONVERSION = YES_AGGRESSIVE;
				CLANG_CXX_LANGUAGE_STANDARD = "gnu++20";
				CLANG_ENABLE_MODULES = YES;
				CLANG_ENABLE_OBJC_ARC = YES;
				CLANG_ENABLE_OBJC_WEAK = YES;
				CLANG_WARN_BLOCK_CAPTURE_AUTORELEASING = YES;
				CLANG_WARN_BOOL_CONVERSION = YES;
				CLANG_WARN_COMMA = YES;
				CLANG_WARN_CONSTANT_CONVERSION = YES;
				CLANG_WARN_DEPRECATED_OBJC_IMPLEMENTATIONS = YES;
				CLANG_WARN_DIRECT_OBJC_ISA_USAGE = YES_ERROR;
				CLANG_WARN_DOCUMENTATION_COMMENTS = YES;
				CLANG_WARN_EMPTY_BODY = YES;
				CLANG_WARN_ENUM_CONVERSION = YES;
				CLANG_WARN_INFINITE_RECURSION = YES;
				CLANG_WARN_INT_CONVERSION = YES;
				CLANG_WARN_NON_LITERAL_NULL_CONVERSION = YES;
				CLANG_WARN_OBJC_IMPLICIT_RETAIN_SELF = YES;
				CLANG_WARN_OBJC_LITERAL_CONVERSION = YES;
				CLANG_WARN_OBJC_ROOT_CLASS = YES_ERROR;
				CLANG_WARN_QUOTED_INCLUDE_IN_FRAMEWORK_HEADER = YES;
				CLANG_WARN_RANGE_LOOP_ANALYSIS = YES;
				CLANG_WARN_STRICT_PROTOTYPES = YES;
				CLANG_WARN_SUSPICIOUS_MOVE = YES;
				CLANG_WARN_UNGUARDED_AVAILABILITY = YES_AGGRESSIVE;
				CLANG_WARN_UNREACHABLE_CODE = YES;
				CLANG_WARN__DUPLICATE_METHOD_MATCH = YES;
				COPY_PHASE_STRIP = NO;
				DEBUG_INFORMATION_FORMAT = "dwarf-with-dsym";
				ENABLE_NS_ASSERTIONS = NO;
				ENABLE_STRICT_OBJC_MSGSEND = YES;
				ENABLE_USER_SCRIPT_SANDBOXING = YES;
				GCC_C_LANGUAGE_STANDARD = gnu17;
				GCC_NO_COMMON_BLOCKS = YES;
				GCC_WARN_64_TO_32_BIT_CONVERSION = YES;
				GCC_WARN_ABOUT_RETURN_TYPE = YES_ERROR;
				GCC_WARN_UNDECLARED_SELECTOR = YES;
				GCC_WARN_UNINITIALIZED_AUTOS = YES_AGGRESSIVE;
				GCC_WARN_UNUSED_FUNCTION = YES;
				GCC_WARN_UNUSED_VARIABLE = YES;
				IPHONEOS_DEPLOYMENT_TARGET = 17.0;
				LOCALIZATION_PREFERS_STRING_CATALOGS = YES;
				MTL_ENABLE_DEBUG_INFO = NO;
				MTL_FAST_MATH = YES;
				SDKROOT = iphoneos;
				SWIFT_COMPILATION_MODE = wholemodule;
				VALIDATE_PRODUCT = YES;
			};
			name = Release;
		};
		B2F8DD2E2B57EE4400FAF4D8 /* Debug */ = {
			isa = XCBuildConfiguration;
			buildSettings = {
				ASSETCATALOG_COMPILER_APPICON_NAME = AppIcon;
				ASSETCATALOG_COMPILER_GLOBAL_ACCENT_COLOR_NAME = AccentColor;
				CODE_SIGN_STYLE = Automatic;
				CURRENT_PROJECT_VERSION = 1;
				DEVELOPMENT_ASSET_PATHS = "\"PictarineTest/Preview Content\"";
				DEVELOPMENT_TEAM = 227LV95S87;
				ENABLE_PREVIEWS = YES;
				GENERATE_INFOPLIST_FILE = YES;
				INFOPLIST_KEY_UIApplicationSceneManifest_Generation = YES;
				INFOPLIST_KEY_UIApplicationSupportsIndirectInputEvents = YES;
				INFOPLIST_KEY_UILaunchScreen_Generation = YES;
				INFOPLIST_KEY_UISupportedInterfaceOrientations_iPad = "UIInterfaceOrientationPortrait UIInterfaceOrientationPortraitUpsideDown UIInterfaceOrientationLandscapeLeft UIInterfaceOrientationLandscapeRight";
				INFOPLIST_KEY_UISupportedInterfaceOrientations_iPhone = "UIInterfaceOrientationPortrait UIInterfaceOrientationLandscapeLeft UIInterfaceOrientationLandscapeRight";
				LD_RUNPATH_SEARCH_PATHS = (
					"$(inherited)",
					"@executable_path/Frameworks",
				);
				MARKETING_VERSION = 1.0;
				PRODUCT_BUNDLE_IDENTIFIER = ben.practice.PictarineTest;
				PRODUCT_NAME = "$(TARGET_NAME)";
				SWIFT_EMIT_LOC_STRINGS = YES;
				SWIFT_VERSION = 5.0;
				TARGETED_DEVICE_FAMILY = "1,2";
			};
			name = Debug;
		};
		B2F8DD2F2B57EE4400FAF4D8 /* Release */ = {
			isa = XCBuildConfiguration;
			buildSettings = {
				ASSETCATALOG_COMPILER_APPICON_NAME = AppIcon;
				ASSETCATALOG_COMPILER_GLOBAL_ACCENT_COLOR_NAME = AccentColor;
				CODE_SIGN_STYLE = Automatic;
				CURRENT_PROJECT_VERSION = 1;
				DEVELOPMENT_ASSET_PATHS = "\"PictarineTest/Preview Content\"";
				DEVELOPMENT_TEAM = 227LV95S87;
				ENABLE_PREVIEWS = YES;
				GENERATE_INFOPLIST_FILE = YES;
				INFOPLIST_KEY_UIApplicationSceneManifest_Generation = YES;
				INFOPLIST_KEY_UIApplicationSupportsIndirectInputEvents = YES;
				INFOPLIST_KEY_UILaunchScreen_Generation = YES;
				INFOPLIST_KEY_UISupportedInterfaceOrientations_iPad = "UIInterfaceOrientationPortrait UIInterfaceOrientationPortraitUpsideDown UIInterfaceOrientationLandscapeLeft UIInterfaceOrientationLandscapeRight";
				INFOPLIST_KEY_UISupportedInterfaceOrientations_iPhone = "UIInterfaceOrientationPortrait UIInterfaceOrientationLandscapeLeft UIInterfaceOrientationLandscapeRight";
				LD_RUNPATH_SEARCH_PATHS = (
					"$(inherited)",
					"@executable_path/Frameworks",
				);
				MARKETING_VERSION = 1.0;
				PRODUCT_BUNDLE_IDENTIFIER = ben.practice.PictarineTest;
				PRODUCT_NAME = "$(TARGET_NAME)";
				SWIFT_EMIT_LOC_STRINGS = YES;
				SWIFT_VERSION = 5.0;
				TARGETED_DEVICE_FAMILY = "1,2";
			};
			name = Release;
		};
/* End XCBuildConfiguration section */

/* Begin XCConfigurationList section */
		B2F8DD1A2B57EE4300FAF4D8 /* Build configuration list for PBXProject "PictarineTest" */ = {
			isa = XCConfigurationList;
			buildConfigurations = (
				B2F8DD2B2B57EE4400FAF4D8 /* Debug */,
				B2F8DD2C2B57EE4400FAF4D8 /* Release */,
			);
			defaultConfigurationIsVisible = 0;
			defaultConfigurationName = Release;
		};
		B2F8DD2D2B57EE4400FAF4D8 /* Build configuration list for PBXNativeTarget "PictarineTest" */ = {
			isa = XCConfigurationList;
			buildConfigurations = (
				B2F8DD2E2B57EE4400FAF4D8 /* Debug */,
				B2F8DD2F2B57EE4400FAF4D8 /* Release */,
			);
			defaultConfigurationIsVisible = 0;
			defaultConfigurationName = Release;
		};
/* End XCConfigurationList section */
	};
	rootObject = B2F8DD172B57EE4300FAF4D8 /* Project object */;
}
